<?xml version="1.0" encoding="utf-8"?>
<Project ToolsVersion="4.0" xmlns="http://schemas.microsoft.com/developer/msbuild/2003">
  <ItemGroup>
    <Filter Include="Source Files">
      <UniqueIdentifier>{4FC737F1-C7A5-4376-A066-2A32D752A2FF}</UniqueIdentifier>
      <Extensions>cpp;c;cc;cxx;def;odl;idl;hpj;bat;asm;asmx</Extensions>
    </Filter>
    <Filter Include="Source Files\Common">
      <UniqueIdentifier>{aaf92368-0940-482f-bfc5-c626c3096b19}</UniqueIdentifier>
    </Filter>
    <Filter Include="Source Files\Utils">
      <UniqueIdentifier>{d39a2fb5-8301-4951-877c-fefa882a9fbb}</UniqueIdentifier>
    </Filter>
    <Filter Include="Source Files\SteamAPI">
      <UniqueIdentifier>{8dc85059-e7c3-4e25-be8d-60f3bf7f4610}</UniqueIdentifier>
    </Filter>
    <Filter Include="Header Files">
      <UniqueIdentifier>{93995380-89BD-4b04-88EB-625FBE52EBFB}</UniqueIdentifier>
      <Extensions>h;hh;hpp;hxx;hm;inl;inc;xsd</Extensions>
    </Filter>
    <Filter Include="Header Files\Common">
      <UniqueIdentifier>{b804d499-dfc1-4d48-bf26-be523b9b591d}</UniqueIdentifier>
    </Filter>
    <Filter Include="Header Files\Utils">
      <UniqueIdentifier>{0cac22db-1322-4e73-a3e4-91f818a79eed}</UniqueIdentifier>
    </Filter>
    <Filter Include="Header Files\Standalone">
      <UniqueIdentifier>{9236116f-2ba9-4a0d-b559-01abbb6b8811}</UniqueIdentifier>
    </Filter>
    <Filter Include="Header Files\SteamAPI">
      <UniqueIdentifier>{9bfd842f-a3b1-4b04-aa6d-aa81a0e575d1}</UniqueIdentifier>
    </Filter>
  </ItemGroup>
  <ItemGroup>
    <ClInclude Include="src\stdafx.h">
      <Filter>Header Files</Filter>
    </ClInclude>
    <ClInclude Include="src\targetver.h">
      <Filter>Header Files</Filter>
    </ClInclude>
    <ClInclude Include="src\Controller.h">
      <Filter>Header Files\Common</Filter>
    </ClInclude>
    <ClInclude Include="src\BaseScript.h">
      <Filter>Header Files\Common</Filter>
    </ClInclude>
    <ClInclude Include="src\HookedScript.h">
      <Filter>Header Files\Common</Filter>
    </ClInclude>
    <ClInclude Include="src\InjectedScript.h">
      <Filter>Header Files\Common</Filter>
    </ClInclude>
    <ClInclude Include="src\natives.h">
      <Filter>Header Files\Standalone</Filter>
    </ClInclude>
    <ClInclude Include="src\Pattern.h">
      <Filter>Header Files\Standalone</Filter>
    </ClInclude>
    <ClInclude Include="src\NativeInvoker.h">
      <Filter>Header Files\Standalone</Filter>
    </ClInclude>
    <ClInclude Include="src\Logger.h">
      <Filter>Header Files\Utils</Filter>
    </ClInclude>
    <ClInclude Include="src\VersionUtils.h">
      <Filter>Header Files\Utils</Filter>
    </ClInclude>
    <ClInclude Include="src\steam_api64.h">
      <Filter>Header Files\SteamAPI</Filter>
    </ClInclude>
    <ClInclude Include="src\steam_types.h">
      <Filter>Header Files\SteamAPI</Filter>
    </ClInclude>
    <ClInclude Include="src\ISteamClient017.h">
      <Filter>Header Files\SteamAPI</Filter>
    </ClInclude>
    <ClInclude Include="src\resource.h">
      <Filter>Header Files</Filter>
    </ClInclude>
    <ClInclude Include="src\SteamClient.h">
      <Filter>Header Files\SteamAPI</Filter>
    </ClInclude>
    <ClInclude Include="src\ISteamController004.h">
      <Filter>Header Files\SteamAPI</Filter>
    </ClInclude>
  </ItemGroup>
  <ItemGroup>
    <ClCompile Include="src\stdafx.cpp">
      <Filter>Source Files</Filter>
    </ClCompile>
    <ClCompile Include="src\dllmain.cpp">
      <Filter>Source Files\Common</Filter>
    </ClCompile>
    <ClCompile Include="src\Controller.cpp">
      <Filter>Source Files\Common</Filter>
    </ClCompile>
    <ClCompile Include="src\InjectedScript.cpp">
      <Filter>Source Files\Common</Filter>
    </ClCompile>
    <ClCompile Include="src\HookedScript.cpp">
      <Filter>Source Files\Common</Filter>
    </ClCompile>
    <ClCompile Include="src\BaseScript.cpp">
      <Filter>Source Files\Common</Filter>
    </ClCompile>
    <ClCompile Include="src\NativeInvoker.cpp">
      <Filter>Source Files\Utils</Filter>
    </ClCompile>
    <ClCompile Include="src\Logger.cpp">
      <Filter>Source Files\Utils</Filter>
    </ClCompile>
    <ClCompile Include="src\VersionUtils.cpp">
      <Filter>Source Files\Utils</Filter>
    </ClCompile>
    <ClCompile Include="src\steam_api64.cpp">
      <Filter>Source Files\SteamAPI</Filter>
    </ClCompile>
    <ClCompile Include="src\SteamClient.cpp">
      <Filter>Source Files\SteamAPI</Filter>
    </ClCompile>
  </ItemGroup>
  <ItemGroup>
    <None Include="controller.vdf" />
    <None Include="game_actions_271590.vdf" />
    <None Include="src\steam_api64.def">
      <Filter>Source Files\SteamAPI</Filter>
    </None>
    <None Include="sdk\Steamworks\redistributable_bin\win64\steam_api64.dll" />
  </ItemGroup>
  <ItemGroup>
    <ResourceCompile Include="src\SteamControllerNative.rc" />
  </ItemGroup>
</Project>